{
  "requires": true,
  "lockfileVersion": 1,
  "dependencies": {
    "vue-router": {
      "version": "3.4.2",
      "resolved": "https://registry.npmjs.org/vue-router/-/vue-router-3.4.2.tgz",
      "integrity": "sha512-n3Ok70hW0EpcJF4lcWIwSHAQbFTnIOLl/fhO8+oTs4jHNtBNsovcVvPZeTOyKEd8C3xF1Crft2ASuOiVT5K1mw=="
    }
  }
}
